PODS:
  - Nimble (7.0.3)
  - Realm (3.7.5):
    - Realm/Headers (= 3.7.5)
  - Realm/Headers (3.7.5)
  - RealmSwift (3.7.5):
    - Realm (= 3.7.5)
  - SnapKit (4.0.0)

DEPENDENCIES:
  - Nimble (~> 7.0.0)
  - RealmSwift
  - SnapKit

SPEC REPOS:
  https://github.com/cocoapods/specs.git:
    - Nimble
    - Realm
    - RealmSwift
    - SnapKit

SPEC CHECKSUMS:
  Nimble: 7f5a9c447a33002645a071bddafbfb24ea70e0ac
  Realm: c286caf4dbf346ce24aad49ca76c7ce622d4a082
  RealmSwift: 2a9281e37d6de55f66f76254d49d28aeb1b729e4
  SnapKit: a42d492c16e80209130a3379f73596c3454b7694

PODFILE CHECKSUM: 9ff891669c2f55087ea01faaa0d4d41c685b13d7

COCOAPODS: 1.5.3
